
Microsoft Visual Studio Solution File, Format Version 12.00
# Visual Studio Version 17
VisualStudioVersion = 17.0.31903.59
MinimumVisualStudioVersion = 10.0.40219.1
Project("{9A19103F-16F7-4668-BE54-9A1E7A4F7556}") = "csharpmanytomany", "csharpmanytomany.csproj", "{0C8775DB-03C7-4546-B252-8B5ABB0FDEBE}"
EndProject
Global
	GlobalSection(SolutionConfigurationPlatforms) = preSolution
		Debug|Any CPU = Debug|Any CPU
		Release|Any CPU = Release|Any CPU
	EndGlobalSection
	GlobalSection(ProjectConfigurationPlatforms) = postSolution
		{0C8775DB-03C7-4546-B252-8B5ABB0FDEBE}.Debug|Any CPU.ActiveCfg = Debug|Any CPU
		{0C8775DB-03C7-4546-B252-8B5ABB0FDEBE}.Debug|Any CPU.Build.0 = Debug|Any CPU
		{0C8775DB-03C7-4546-B252-8B5ABB0FDEBE}.Release|Any CPU.ActiveCfg = Release|Any CPU
		{0C8775DB-03C7-4546-B252-8B5ABB0FDEBE}.Release|Any CPU.Build.0 = Release|Any CPU
	EndGlobalSection
	GlobalSection(SolutionProperties) = preSolution
		HideSolutionNode = FALSE
	EndGlobalSection
EndGlobal
