
Microsoft Visual Studio Solution File, Format Version 12.00
# Visual Studio Version 17
VisualStudioVersion = 17.0.31903.59
MinimumVisualStudioVersion = 10.0.40219.1
Project("{FAE04EC0-301F-11D3-BF4B-00C04F79EFBC}") = "csharpjaggedarray", "csharpjaggedarray.csproj", "{ECD25354-9FA7-4949-8773-C45FD5EBF47D}"
EndProject
Global
	GlobalSection(SolutionConfigurationPlatforms) = preSolution
		Debug|Any CPU = Debug|Any CPU
		Release|Any CPU = Release|Any CPU
	EndGlobalSection
	GlobalSection(SolutionProperties) = preSolution
		HideSolutionNode = FALSE
	EndGlobalSection
	GlobalSection(ProjectConfigurationPlatforms) = postSolution
		{ECD25354-9FA7-4949-8773-C45FD5EBF47D}.Debug|Any CPU.ActiveCfg = Debug|Any CPU
		{ECD25354-9FA7-4949-8773-C45FD5EBF47D}.Debug|Any CPU.Build.0 = Debug|Any CPU
		{ECD25354-9FA7-4949-8773-C45FD5EBF47D}.Release|Any CPU.ActiveCfg = Release|Any CPU
		{ECD25354-9FA7-4949-8773-C45FD5EBF47D}.Release|Any CPU.Build.0 = Release|Any CPU
	EndGlobalSection
EndGlobal
