
Microsoft Visual Studio Solution File, Format Version 12.00
# Visual Studio Version 17
VisualStudioVersion = 17.0.31903.59
MinimumVisualStudioVersion = 10.0.40219.1
Project("{9A19103F-16F7-4668-BE54-9A1E7A4F7556}") = "csharpdatenowstaticreadonly", "csharpdatenowstaticreadonly.csproj", "{D02CC3C7-77E1-419E-8626-AFC65DD2407C}"
EndProject
Global
	GlobalSection(SolutionConfigurationPlatforms) = preSolution
		Debug|Any CPU = Debug|Any CPU
		Release|Any CPU = Release|Any CPU
	EndGlobalSection
	GlobalSection(ProjectConfigurationPlatforms) = postSolution
		{D02CC3C7-77E1-419E-8626-AFC65DD2407C}.Debug|Any CPU.ActiveCfg = Debug|Any CPU
		{D02CC3C7-77E1-419E-8626-AFC65DD2407C}.Debug|Any CPU.Build.0 = Debug|Any CPU
		{D02CC3C7-77E1-419E-8626-AFC65DD2407C}.Release|Any CPU.ActiveCfg = Release|Any CPU
		{D02CC3C7-77E1-419E-8626-AFC65DD2407C}.Release|Any CPU.Build.0 = Release|Any CPU
	EndGlobalSection
	GlobalSection(SolutionProperties) = preSolution
		HideSolutionNode = FALSE
	EndGlobalSection
	GlobalSection(ExtensibilityGlobals) = postSolution
		SolutionGuid = {5BBC232D-FC1F-44E8-9A3B-0A4DD57D61C8}
	EndGlobalSection
EndGlobal
