
Microsoft Visual Studio Solution File, Format Version 12.00
# Visual Studio Version 17
VisualStudioVersion = 17.0.31903.59
MinimumVisualStudioVersion = 10.0.40219.1
Project("{FAE04EC0-301F-11D3-BF4B-00C04F79EFBC}") = "csharpdiceifelse", "csharpdiceifelse.csproj", "{C8069B52-C4B0-4BE2-AA44-486CD8663C0D}"
EndProject
Global
	GlobalSection(SolutionConfigurationPlatforms) = preSolution
		Debug|Any CPU = Debug|Any CPU
		Release|Any CPU = Release|Any CPU
	EndGlobalSection
	GlobalSection(SolutionProperties) = preSolution
		HideSolutionNode = FALSE
	EndGlobalSection
	GlobalSection(ProjectConfigurationPlatforms) = postSolution
		{C8069B52-C4B0-4BE2-AA44-486CD8663C0D}.Debug|Any CPU.ActiveCfg = Debug|Any CPU
		{C8069B52-C4B0-4BE2-AA44-486CD8663C0D}.Debug|Any CPU.Build.0 = Debug|Any CPU
		{C8069B52-C4B0-4BE2-AA44-486CD8663C0D}.Release|Any CPU.ActiveCfg = Release|Any CPU
		{C8069B52-C4B0-4BE2-AA44-486CD8663C0D}.Release|Any CPU.Build.0 = Release|Any CPU
	EndGlobalSection
EndGlobal
