
Microsoft Visual Studio Solution File, Format Version 12.00
# Visual Studio Version 17
VisualStudioVersion = 17.5.002.0
MinimumVisualStudioVersion = 10.0.40219.1
Project("{9A19103F-16F7-4668-BE54-9A1E7A4F7556}") = "MakeTeaAsynchronously", "MakeTeaAsynchronously.csproj", "{CBDBE02B-8C54-4D7C-839D-08A837F8A27C}"
EndProject
Global
	GlobalSection(SolutionConfigurationPlatforms) = preSolution
		Debug|Any CPU = Debug|Any CPU
		Release|Any CPU = Release|Any CPU
	EndGlobalSection
	GlobalSection(ProjectConfigurationPlatforms) = postSolution
		{CBDBE02B-8C54-4D7C-839D-08A837F8A27C}.Debug|Any CPU.ActiveCfg = Debug|Any CPU
		{CBDBE02B-8C54-4D7C-839D-08A837F8A27C}.Debug|Any CPU.Build.0 = Debug|Any CPU
		{CBDBE02B-8C54-4D7C-839D-08A837F8A27C}.Release|Any CPU.ActiveCfg = Release|Any CPU
		{CBDBE02B-8C54-4D7C-839D-08A837F8A27C}.Release|Any CPU.Build.0 = Release|Any CPU
	EndGlobalSection
	GlobalSection(SolutionProperties) = preSolution
		HideSolutionNode = FALSE
	EndGlobalSection
	GlobalSection(ExtensibilityGlobals) = postSolution
		SolutionGuid = {F32A37AE-45AD-40C6-AAAC-28AB3FD7F14A}
	EndGlobalSection
EndGlobal
